// !$*UTF8*$!
{
	archiveVersion = 1;
	classes = {
	};
	objectVersion = 46;
	objects = {

/* Begin PBXBuildFile section */
		4C23F1E263DBE3DF17C80419 /* Pods_StarDex.framework in Frameworks */ = {isa = PBXBuildFile; fileRef = 20A14C8900E08AC754914014 /* Pods_StarDex.framework */; };
		9314EB6D1D5F9AFD000A7A94 /* PeopleViewController.swift in Sources */ = {isa = PBXBuildFile; fileRef = 9314EB6C1D5F9AFD000A7A94 /* PeopleViewController.swift */; };
		9314EB6F1D5F9C39000A7A94 /* FilmViewController.swift in Sources */ = {isa = PBXBuildFile; fileRef = 9314EB6E1D5F9C39000A7A94 /* FilmViewController.swift */; };
		9314EB711D5FAB12000A7A94 /* StarshipViewController.swift in Sources */ = {isa = PBXBuildFile; fileRef = 9314EB701D5FAB12000A7A94 /* StarshipViewController.swift */; };
		9314EB731D5FAB3C000A7A94 /* VehicleViewController.swift in Sources */ = {isa = PBXBuildFile; fileRef = 9314EB721D5FAB3C000A7A94 /* VehicleViewController.swift */; };
		9314EB751D5FAB6D000A7A94 /* SpeciesViewController.swift in Sources */ = {isa = PBXBuildFile; fileRef = 9314EB741D5FAB6D000A7A94 /* SpeciesViewController.swift */; };
		9314EB771D5FAB85000A7A94 /* PlanetViewController.swift in Sources */ = {isa = PBXBuildFile; fileRef = 9314EB761D5FAB85000A7A94 /* PlanetViewController.swift */; };
		935EE8331D5E9916008E1734 /* DetailViewController.swift in Sources */ = {isa = PBXBuildFile; fileRef = 935EE8321D5E9916008E1734 /* DetailViewController.swift */; };
		93AADD6B1D5D3E5000CA786B /* AppDelegate.swift in Sources */ = {isa = PBXBuildFile; fileRef = 93AADD6A1D5D3E5000CA786B /* AppDelegate.swift */; };
		93AADD6D1D5D3E5000CA786B /* HomeViewController.swift in Sources */ = {isa = PBXBuildFile; fileRef = 93AADD6C1D5D3E5000CA786B /* HomeViewController.swift */; };
		93AADD701D5D3E5000CA786B /* Main.storyboard in Resources */ = {isa = PBXBuildFile; fileRef = 93AADD6E1D5D3E5000CA786B /* Main.storyboard */; };
		93AADD721D5D3E5000CA786B /* Assets.xcassets in Resources */ = {isa = PBXBuildFile; fileRef = 93AADD711D5D3E5000CA786B /* Assets.xcassets */; };
		93AADD751D5D3E5000CA786B /* LaunchScreen.storyboard in Resources */ = {isa = PBXBuildFile; fileRef = 93AADD731D5D3E5000CA786B /* LaunchScreen.storyboard */; };
		93AADD961D5D3EE800CA786B /* Alamofire.framework in Copy Frameworks */ = {isa = PBXBuildFile; fileRef = 93AADD881D5D3EA400CA786B /* Alamofire.framework */; settings = {ATTRIBUTES = (CodeSignOnCopy, RemoveHeadersOnCopy, ); }; };
		93AADD9F1D5D83C700CA786B /* fonts in Resources */ = {isa = PBXBuildFile; fileRef = 93AADD9E1D5D83C700CA786B /* fonts */; };
/* End PBXBuildFile section */

/* Begin PBXContainerItemProxy section */
		93AADD871D5D3EA400CA786B /* PBXContainerItemProxy */ = {
			isa = PBXContainerItemProxy;
			containerPortal = 93AADD7C1D5D3EA400CA786B /* Alamofire.xcodeproj */;
			proxyType = 2;
			remoteGlobalIDString = F8111E3319A95C8B0040E7D1;
			remoteInfo = "Alamofire iOS";
		};
		93AADD891D5D3EA400CA786B /* PBXContainerItemProxy */ = {
			isa = PBXContainerItemProxy;
			containerPortal = 93AADD7C1D5D3EA400CA786B /* Alamofire.xcodeproj */;
			proxyType = 2;
			remoteGlobalIDString = F8111E3E19A95C8B0040E7D1;
			remoteInfo = "Alamofire iOS Tests";
		};
		93AADD8B1D5D3EA400CA786B /* PBXContainerItemProxy */ = {
			isa = PBXContainerItemProxy;
			containerPortal = 93AADD7C1D5D3EA400CA786B /* Alamofire.xcodeproj */;
			proxyType = 2;
			remoteGlobalIDString = 4DD67C0B1A5C55C900ED2280;
			remoteInfo = "Alamofire OSX";
		};
		93AADD8D1D5D3EA400CA786B /* PBXContainerItemProxy */ = {
			isa = PBXContainerItemProxy;
			containerPortal = 93AADD7C1D5D3EA400CA786B /* Alamofire.xcodeproj */;
			proxyType = 2;
			remoteGlobalIDString = F829C6B21A7A94F100A2CD59;
			remoteInfo = "Alamofire OSX Tests";
		};
		93AADD8F1D5D3EA400CA786B /* PBXContainerItemProxy */ = {
			isa = PBXContainerItemProxy;
			containerPortal = 93AADD7C1D5D3EA400CA786B /* Alamofire.xcodeproj */;
			proxyType = 2;
			remoteGlobalIDString = 4CF626EF1BA7CB3E0011A099;
			remoteInfo = "Alamofire tvOS";
		};
		93AADD911D5D3EA400CA786B /* PBXContainerItemProxy */ = {
			isa = PBXContainerItemProxy;
			containerPortal = 93AADD7C1D5D3EA400CA786B /* Alamofire.xcodeproj */;
			proxyType = 2;
			remoteGlobalIDString = 4CF626F81BA7CB3E0011A099;
			remoteInfo = "Alamofire tvOS Tests";
		};
		93AADD931D5D3EA400CA786B /* PBXContainerItemProxy */ = {
			isa = PBXContainerItemProxy;
			containerPortal = 93AADD7C1D5D3EA400CA786B /* Alamofire.xcodeproj */;
			proxyType = 2;
			remoteGlobalIDString = E4202FE01B667AA100C997FB;
			remoteInfo = "Alamofire watchOS";
		};
/* End PBXContainerItemProxy section */

/* Begin PBXCopyFilesBuildPhase section */
		93AADD951D5D3ED500CA786B /* Copy Frameworks */ = {
			isa = PBXCopyFilesBuildPhase;
			buildActionMask = 2147483647;
			dstPath = "";
			dstSubfolderSpec = 10;
			files = (
				93AADD961D5D3EE800CA786B /* Alamofire.framework in Copy Frameworks */,
			);
			name = "Copy Frameworks";
			runOnlyForDeploymentPostprocessing = 0;
		};
/* End PBXCopyFilesBuildPhase section */

/* Begin PBXFileReference section */
		078B1DF4F33927CDBA42EC6D /* Pods-StarDex.release.xcconfig */ = {isa = PBXFileReference; includeInIndex = 1; lastKnownFileType = text.xcconfig; name = "Pods-StarDex.release.xcconfig"; path = "Pods/Target Support Files/Pods-StarDex/Pods-StarDex.release.xcconfig"; sourceTree = "<group>"; };
		1FC1E97E55B944522E6AD10F /* Pods-StarDex.debug.xcconfig */ = {isa = PBXFileReference; includeInIndex = 1; lastKnownFileType = text.xcconfig; name = "Pods-StarDex.debug.xcconfig"; path = "Pods/Target Support Files/Pods-StarDex/Pods-StarDex.debug.xcconfig"; sourceTree = "<group>"; };
		20A14C8900E08AC754914014 /* Pods_StarDex.framework */ = {isa = PBXFileReference; explicitFileType = wrapper.framework; includeInIndex = 0; path = Pods_StarDex.framework; sourceTree = BUILT_PRODUCTS_DIR; };
		9314EB6C1D5F9AFD000A7A94 /* PeopleViewController.swift */ = {isa = PBXFileReference; fileEncoding = 4; lastKnownFileType = sourcecode.swift; path = PeopleViewController.swift; sourceTree = "<group>"; };
		9314EB6E1D5F9C39000A7A94 /* FilmViewController.swift */ = {isa = PBXFileReference; fileEncoding = 4; lastKnownFileType = sourcecode.swift; path = FilmViewController.swift; sourceTree = "<group>"; };
		9314EB701D5FAB12000A7A94 /* StarshipViewController.swift */ = {isa = PBXFileReference; fileEncoding = 4; lastKnownFileType = sourcecode.swift; path = StarshipViewController.swift; sourceTree = "<group>"; };
		9314EB721D5FAB3C000A7A94 /* VehicleViewController.swift */ = {isa = PBXFileReference; fileEncoding = 4; lastKnownFileType = sourcecode.swift; path = VehicleViewController.swift; sourceTree = "<group>"; };
		9314EB741D5FAB6D000A7A94 /* SpeciesViewController.swift */ = {isa = PBXFileReference; fileEncoding = 4; lastKnownFileType = sourcecode.swift; path = SpeciesViewController.swift; sourceTree = "<group>"; };
		9314EB761D5FAB85000A7A94 /* PlanetViewController.swift */ = {isa = PBXFileReference; fileEncoding = 4; lastKnownFileType = sourcecode.swift; path = PlanetViewController.swift; sourceTree = "<group>"; };
		935EE8321D5E9916008E1734 /* DetailViewController.swift */ = {isa = PBXFileReference; fileEncoding = 4; lastKnownFileType = sourcecode.swift; path = DetailViewController.swift; sourceTree = "<group>"; };
		93AADD671D5D3E5000CA786B /* StarDex.app */ = {isa = PBXFileReference; explicitFileType = wrapper.application; includeInIndex = 0; path = StarDex.app; sourceTree = BUILT_PRODUCTS_DIR; };
		93AADD6A1D5D3E5000CA786B /* AppDelegate.swift */ = {isa = PBXFileReference; lastKnownFileType = sourcecode.swift; path = AppDelegate.swift; sourceTree = "<group>"; };
		93AADD6C1D5D3E5000CA786B /* HomeViewController.swift */ = {isa = PBXFileReference; lastKnownFileType = sourcecode.swift; path = HomeViewController.swift; sourceTree = "<group>"; };
		93AADD6F1D5D3E5000CA786B /* Base */ = {isa = PBXFileReference; lastKnownFileType = file.storyboard; name = Base; path = Base.lproj/Main.storyboard; sourceTree = "<group>"; };
		93AADD711D5D3E5000CA786B /* Assets.xcassets */ = {isa = PBXFileReference; lastKnownFileType = folder.assetcatalog; path = Assets.xcassets; sourceTree = "<group>"; };
		93AADD741D5D3E5000CA786B /* Base */ = {isa = PBXFileReference; lastKnownFileType = file.storyboard; name = Base; path = Base.lproj/LaunchScreen.storyboard; sourceTree = "<group>"; };
		93AADD761D5D3E5000CA786B /* Info.plist */ = {isa = PBXFileReference; lastKnownFileType = text.plist.xml; path = Info.plist; sourceTree = "<group>"; };
		93AADD7C1D5D3EA400CA786B /* Alamofire.xcodeproj */ = {isa = PBXFileReference; lastKnownFileType = "wrapper.pb-project"; name = Alamofire.xcodeproj; path = StarDex/Alamofire/Alamofire.xcodeproj; sourceTree = "<group>"; };
		93AADD9E1D5D83C700CA786B /* fonts */ = {isa = PBXFileReference; lastKnownFileType = folder; path = fonts; sourceTree = "<group>"; };
/* End PBXFileReference section */

/* Begin PBXFrameworksBuildPhase section */
		93AADD641D5D3E5000CA786B /* Frameworks */ = {
			isa = PBXFrameworksBuildPhase;
			buildActionMask = 2147483647;
			files = (
				4C23F1E263DBE3DF17C80419 /* Pods_StarDex.framework in Frameworks */,
			);
			runOnlyForDeploymentPostprocessing = 0;
		};
/* End PBXFrameworksBuildPhase section */

/* Begin PBXGroup section */
		221A8DDEF7DAC085B9AEC26D /* Frameworks */ = {
			isa = PBXGroup;
			children = (
				20A14C8900E08AC754914014 /* Pods_StarDex.framework */,
			);
			name = Frameworks;
			sourceTree = "<group>";
		};
		55C34E3FE634AEE7EE5140D3 /* Pods */ = {
			isa = PBXGroup;
			children = (
				1FC1E97E55B944522E6AD10F /* Pods-StarDex.debug.xcconfig */,
				078B1DF4F33927CDBA42EC6D /* Pods-StarDex.release.xcconfig */,
			);
			name = Pods;
			sourceTree = "<group>";
		};
		93AADD5E1D5D3E5000CA786B = {
			isa = PBXGroup;
			children = (
				93AADD7C1D5D3EA400CA786B /* Alamofire.xcodeproj */,
				93AADD691D5D3E5000CA786B /* StarDex */,
				93AADD681D5D3E5000CA786B /* Products */,
				55C34E3FE634AEE7EE5140D3 /* Pods */,
				221A8DDEF7DAC085B9AEC26D /* Frameworks */,
			);
			sourceTree = "<group>";
		};
		93AADD681D5D3E5000CA786B /* Products */ = {
			isa = PBXGroup;
			children = (
				93AADD671D5D3E5000CA786B /* StarDex.app */,
			);
			name = Products;
			sourceTree = "<group>";
		};
		93AADD691D5D3E5000CA786B /* StarDex */ = {
			isa = PBXGroup;
			children = (
				93AADD6E1D5D3E5000CA786B /* Main.storyboard */,
				93AADD6A1D5D3E5000CA786B /* AppDelegate.swift */,
				93AADD6C1D5D3E5000CA786B /* HomeViewController.swift */,
				935EE8321D5E9916008E1734 /* DetailViewController.swift */,
				93AADD9E1D5D83C700CA786B /* fonts */,
				9314EB6C1D5F9AFD000A7A94 /* PeopleViewController.swift */,
				9314EB6E1D5F9C39000A7A94 /* FilmViewController.swift */,
				9314EB701D5FAB12000A7A94 /* StarshipViewController.swift */,
				9314EB721D5FAB3C000A7A94 /* VehicleViewController.swift */,
				9314EB741D5FAB6D000A7A94 /* SpeciesViewController.swift */,
				9314EB761D5FAB85000A7A94 /* PlanetViewController.swift */,
				93AADD711D5D3E5000CA786B /* Assets.xcassets */,
				93AADD731D5D3E5000CA786B /* LaunchScreen.storyboard */,
				93AADD761D5D3E5000CA786B /* Info.plist */,
			);
			path = StarDex;
			sourceTree = "<group>";
		};
		93AADD7D1D5D3EA400CA786B /* Products */ = {
			isa = PBXGroup;
			children = (
				93AADD881D5D3EA400CA786B /* Alamofire.framework */,
				93AADD8A1D5D3EA400CA786B /* Alamofire iOS Tests.xctest */,
				93AADD8C1D5D3EA400CA786B /* Alamofire.framework */,
				93AADD8E1D5D3EA400CA786B /* Alamofire OSX Tests.xctest */,
				93AADD901D5D3EA400CA786B /* Alamofire.framework */,
				93AADD921D5D3EA400CA786B /* Alamofire tvOS Tests.xctest */,
				93AADD941D5D3EA400CA786B /* Alamofire.framework */,
			);
			name = Products;
			sourceTree = "<group>";
		};
/* End PBXGroup section */

/* Begin PBXNativeTarget section */
		93AADD661D5D3E5000CA786B /* StarDex */ = {
			isa = PBXNativeTarget;
			buildConfigurationList = 93AADD791D5D3E5000CA786B /* Build configuration list for PBXNativeTarget "StarDex" */;
			buildPhases = (
				94F6EB86ED4B33EE2D75F658 /* [CP] Check Pods Manifest.lock */,
				93AADD631D5D3E5000CA786B /* Sources */,
				93AADD641D5D3E5000CA786B /* Frameworks */,
				93AADD651D5D3E5000CA786B /* Resources */,
				93AADD951D5D3ED500CA786B /* Copy Frameworks */,
				94D1ACF6A5DC095F6F8D550E /* [CP] Embed Pods Frameworks */,
				0713DB6C97E7E60E02B0D761 /* [CP] Copy Pods Resources */,
			);
			buildRules = (
			);
			dependencies = (
			);
			name = StarDex;
			productName = StarDex;
			productReference = 93AADD671D5D3E5000CA786B /* StarDex.app */;
			productType = "com.apple.product-type.application";
		};
/* End PBXNativeTarget section */

/* Begin PBXProject section */
		93AADD5F1D5D3E5000CA786B /* Project object */ = {
			isa = PBXProject;
			attributes = {
				LastSwiftUpdateCheck = 0730;
				LastUpgradeCheck = 0730;
				ORGANIZATIONNAME = "Andy Feng";
				TargetAttributes = {
					93AADD661D5D3E5000CA786B = {
						CreatedOnToolsVersion = 7.3.1;
						DevelopmentTeam = 32H24EKY3R;
					};
				};
			};
			buildConfigurationList = 93AADD621D5D3E5000CA786B /* Build configuration list for PBXProject "StarDex" */;
			compatibilityVersion = "Xcode 3.2";
			developmentRegion = English;
			hasScannedForEncodings = 0;
			knownRegions = (
				en,
				Base,
			);
			mainGroup = 93AADD5E1D5D3E5000CA786B;
			productRefGroup = 93AADD681D5D3E5000CA786B /* Products */;
			projectDirPath = "";
			projectReferences = (
				{
					ProductGroup = 93AADD7D1D5D3EA400CA786B /* Products */;
					ProjectRef = 93AADD7C1D5D3EA400CA786B /* Alamofire.xcodeproj */;
				},
			);
			projectRoot = "";
			targets = (
				93AADD661D5D3E5000CA786B /* StarDex */,
			);
		};
/* End PBXProject section */

/* Begin PBXReferenceProxy section */
		93AADD881D5D3EA400CA786B /* Alamofire.framework */ = {
			isa = PBXReferenceProxy;
			fileType = wrapper.framework;
			path = Alamofire.framework;
			remoteRef = 93AADD871D5D3EA400CA786B /* PBXContainerItemProxy */;
			sourceTree = BUILT_PRODUCTS_DIR;
		};
		93AADD8A1D5D3EA400CA786B /* Alamofire iOS Tests.xctest */ = {
			isa = PBXReferenceProxy;
			fileType = wrapper.cfbundle;
			path = "Alamofire iOS Tests.xctest";
			remoteRef = 93AADD891D5D3EA400CA786B /* PBXContainerItemProxy */;
			sourceTree = BUILT_PRODUCTS_DIR;
		};
		93AADD8C1D5D3EA400CA786B /* Alamofire.framework */ = {
			isa = PBXReferenceProxy;
			fileType = wrapper.framework;
			path = Alamofire.framework;
			remoteRef = 93AADD8B1D5D3EA400CA786B /* PBXContainerItemProxy */;
			sourceTree = BUILT_PRODUCTS_DIR;
		};
		93AADD8E1D5D3EA400CA786B /* Alamofire OSX Tests.xctest */ = {
			isa = PBXReferenceProxy;
			fileType = wrapper.cfbundle;
			path = "Alamofire OSX Tests.xctest";
			remoteRef = 93AADD8D1D5D3EA400CA786B /* PBXContainerItemProxy */;
			sourceTree = BUILT_PRODUCTS_DIR;
		};
		93AADD901D5D3EA400CA786B /* Alamofire.framework */ = {
			isa = PBXReferenceProxy;
			fileType = wrapper.framework;
			path = Alamofire.framework;
			remoteRef = 93AADD8F1D5D3EA400CA786B /* PBXContainerItemProxy */;
			sourceTree = BUILT_PRODUCTS_DIR;
		};
		93AADD921D5D3EA400CA786B /* Alamofire tvOS Tests.xctest */ = {
			isa = PBXReferenceProxy;
			fileType = wrapper.cfbundle;
			path = "Alamofire tvOS Tests.xctest";
			remoteRef = 93AADD911D5D3EA400CA786B /* PBXContainerItemProxy */;
			sourceTree = BUILT_PRODUCTS_DIR;
		};
		93AADD941D5D3EA400CA786B /* Alamofire.framework */ = {
			isa = PBXReferenceProxy;
			fileType = wrapper.framework;
			path = Alamofire.framework;
			remoteRef = 93AADD931D5D3EA400CA786B /* PBXContainerItemProxy */;
			sourceTree = BUILT_PRODUCTS_DIR;
		};
/* End PBXReferenceProxy section */

/* Begin PBXResourcesBuildPhase section */
		93AADD651D5D3E5000CA786B /* Resources */ = {
			isa = PBXResourcesBuildPhase;
			buildActionMask = 2147483647;
			files = (
				93AADD751D5D3E5000CA786B /* LaunchScreen.storyboard in Resources */,
				93AADD721D5D3E5000CA786B /* Assets.xcassets in Resources */,
				93AADD701D5D3E5000CA786B /* Main.storyboard in Resources */,
				93AADD9F1D5D83C700CA786B /* fonts in Resources */,
			);
			runOnlyForDeploymentPostprocessing = 0;
		};
/* End PBXResourcesBuildPhase section */

/* Begin PBXShellScriptBuildPhase section */
		0713DB6C97E7E60E02B0D761 /* [CP] Copy Pods Resources */ = {
			isa = PBXShellScriptBuildPhase;
			buildActionMask = 2147483647;
			files = (
			);
			inputPaths = (
			);
			name = "[CP] Copy Pods Resources";
			outputPaths = (
			);
			runOnlyForDeploymentPostprocessing = 0;
			shellPath = /bin/sh;
			shellScript = "\"${SRCROOT}/Pods/Target Support Files/Pods-StarDex/Pods-StarDex-resources.sh\"\n";
			showEnvVarsInLog = 0;
		};
		94D1ACF6A5DC095F6F8D550E /* [CP] Embed Pods Frameworks */ = {
			isa = PBXShellScriptBuildPhase;
			buildActionMask = 2147483647;
			files = (
			);
			inputPaths = (
			);
			name = "[CP] Embed Pods Frameworks";
			outputPaths = (
			);
			runOnlyForDeploymentPostprocessing = 0;
			shellPath = /bin/sh;
			shellScript = "\"${SRCROOT}/Pods/Target Support Files/Pods-StarDex/Pods-StarDex-frameworks.sh\"\n";
			showEnvVarsInLog = 0;
		};
		94F6EB86ED4B33EE2D75F658 /* [CP] Check Pods Manifest.lock */ = {
			isa = PBXShellScriptBuildPhase;
			buildActionMask = 2147483647;
			files = (
			);
			inputPaths = (
			);
			name = "[CP] Check Pods Manifest.lock";
			outputPaths = (
			);
			runOnlyForDeploymentPostprocessing = 0;
			shellPath = /bin/sh;
			shellScript = "diff \"${PODS_ROOT}/../Podfile.lock\" \"${PODS_ROOT}/Manifest.lock\" > /dev/null\nif [[ $? != 0 ]] ; then\n    cat << EOM\nerror: The sandbox is not in sync with the Podfile.lock. Run 'pod install' or update your CocoaPods installation.\nEOM\n    exit 1\nfi\n";
			showEnvVarsInLog = 0;
		};
/* End PBXShellScriptBuildPhase section */

/* Begin PBXSourcesBuildPhase section */
		93AADD631D5D3E5000CA786B /* Sources */ = {
			isa = PBXSourcesBuildPhase;
			buildActionMask = 2147483647;
			files = (
				9314EB711D5FAB12000A7A94 /* StarshipViewController.swift in Sources */,
				9314EB751D5FAB6D000A7A94 /* SpeciesViewController.swift in Sources */,
				9314EB771D5FAB85000A7A94 /* PlanetViewController.swift in Sources */,
				9314EB731D5FAB3C000A7A94 /* VehicleViewController.swift in Sources */,
				93AADD6D1D5D3E5000CA786B /* HomeViewController.swift in Sources */,
				9314EB6D1D5F9AFD000A7A94 /* PeopleViewController.swift in Sources */,
				93AADD6B1D5D3E5000CA786B /* AppDelegate.swift in Sources */,
				9314EB6F1D5F9C39000A7A94 /* FilmViewController.swift in Sources */,
				935EE8331D5E9916008E1734 /* DetailViewController.swift in Sources */,
			);
			runOnlyForDeploymentPostprocessing = 0;
		};
/* End PBXSourcesBuildPhase section */

/* Begin PBXVariantGroup section */
		93AADD6E1D5D3E5000CA786B /* Main.storyboard */ = {
			isa = PBXVariantGroup;
			children = (
				93AADD6F1D5D3E5000CA786B /* Base */,
			);
			name = Main.storyboard;
			sourceTree = "<group>";
		};
		93AADD731D5D3E5000CA786B /* LaunchScreen.storyboard */ = {
			isa = PBXVariantGroup;
			children = (
				93AADD741D5D3E5000CA786B /* Base */,
			);
			name = LaunchScreen.storyboard;
			sourceTree = "<group>";
		};
/* End PBXVariantGroup section */

/* Begin XCBuildConfiguration section */
		93AADD771D5D3E5000CA786B /* Debug */ = {
			isa = XCBuildConfiguration;
			buildSettings = {
				ALWAYS_SEARCH_USER_PATHS = NO;
				CLANG_ANALYZER_NONNULL = YES;
				CLANG_CXX_LANGUAGE_STANDARD = "gnu++0x";
				CLANG_CXX_LIBRARY = "libc++";
				CLANG_ENABLE_MODULES = YES;
				CLANG_ENABLE_OBJC_ARC = YES;
				CLANG_WARN_BOOL_CONVERSION = YES;
				CLANG_WARN_CONSTANT_CONVERSION = YES;
				CLANG_WARN_DIRECT_OBJC_ISA_USAGE = YES_ERROR;
				CLANG_WARN_EMPTY_BODY = YES;
				CLANG_WARN_ENUM_CONVERSION = YES;
				CLANG_WARN_INT_CONVERSION = YES;
				CLANG_WARN_OBJC_ROOT_CLASS = YES_ERROR;
				CLANG_WARN_UNREACHABLE_CODE = YES;
				CLANG_WARN__DUPLICATE_METHOD_MATCH = YES;
				"CODE_SIGN_IDENTITY[sdk=iphoneos*]" = "iPhone Developer";
				COPY_PHASE_STRIP = NO;
				DEBUG_INFORMATION_FORMAT = dwarf;
				ENABLE_STRICT_OBJC_MSGSEND = YES;
				ENABLE_TESTABILITY = YES;
				GCC_C_LANGUAGE_STANDARD = gnu99;
				GCC_DYNAMIC_NO_PIC = NO;
				GCC_NO_COMMON_BLOCKS = YES;
				GCC_OPTIMIZATION_LEVEL = 0;
				GCC_PREPROCESSOR_DEFINITIONS = (
					"DEBUG=1",
					"$(inherited)",
				);
				GCC_WARN_64_TO_32_BIT_CONVERSION = YES;
				GCC_WARN_ABOUT_RETURN_TYPE = YES_ERROR;
				GCC_WARN_UNDECLARED_SELECTOR = YES;
				GCC_WARN_UNINITIALIZED_AUTOS = YES_AGGRESSIVE;
				GCC_WARN_UNUSED_FUNCTION = YES;
				GCC_WARN_UNUSED_VARIABLE = YES;
				IPHONEOS_DEPLOYMENT_TARGET = 9.3;
				MTL_ENABLE_DEBUG_INFO = YES;
				ONLY_ACTIVE_ARCH = YES;
				SDKROOT = iphoneos;
				SWIFT_OPTIMIZATION_LEVEL = "-Onone";
				TARGETED_DEVICE_FAMILY = "1,2";
			};
			name = Debug;
		};
		93AADD781D5D3E5000CA786B /* Release */ = {
			isa = XCBuildConfiguration;
			buildSettings = {
				ALWAYS_SEARCH_USER_PATHS = NO;
				CLANG_ANALYZER_NONNULL = YES;
				CLANG_CXX_LANGUAGE_STANDARD = "gnu++0x";
				CLANG_CXX_LIBRARY = "libc++";
				CLANG_ENABLE_MODULES = YES;
				CLANG_ENABLE_OBJC_ARC = YES;
				CLANG_WARN_BOOL_CONVERSION = YES;
				CLANG_WARN_CONSTANT_CONVERSION = YES;
				CLANG_WARN_DIRECT_OBJC_ISA_USAGE = YES_ERROR;
				CLANG_WARN_EMPTY_BODY = YES;
				CLANG_WARN_ENUM_CONVERSION = YES;
				CLANG_WARN_INT_CONVERSION = YES;
				CLANG_WARN_OBJC_ROOT_CLASS = YES_ERROR;
				CLANG_WARN_UNREACHABLE_CODE = YES;
				CLANG_WARN__DUPLICATE_METHOD_MATCH = YES;
				"CODE_SIGN_IDENTITY[sdk=iphoneos*]" = "iPhone Developer";
				COPY_PHASE_STRIP = NO;
				DEBUG_INFORMATION_FORMAT = "dwarf-with-dsym";
				ENABLE_NS_ASSERTIONS = NO;
				ENABLE_STRICT_OBJC_MSGSEND = YES;
				GCC_C_LANGUAGE_STANDARD = gnu99;
				GCC_NO_COMMON_BLOCKS = YES;
				GCC_WARN_64_TO_32_BIT_CONVERSION = YES;
				GCC_WARN_ABOUT_RETURN_TYPE = YES_ERROR;
				GCC_WARN_UNDECLARED_SELECTOR = YES;
				GCC_WARN_UNINITIALIZED_AUTOS = YES_AGGRESSIVE;
				GCC_WARN_UNUSED_FUNCTION = YES;
				GCC_WARN_UNUSED_VARIABLE = YES;
				IPHONEOS_DEPLOYMENT_TARGET = 9.3;
				MTL_ENABLE_DEBUG_INFO = NO;
				SDKROOT = iphoneos;
				TARGETED_DEVICE_FAMILY = "1,2";
				VALIDATE_PRODUCT = YES;
			};
			name = Release;
		};
		93AADD7A1D5D3E5000CA786B /* Debug */ = {
			isa = XCBuildConfiguration;
			baseConfigurationReference = 1FC1E97E55B944522E6AD10F /* Pods-StarDex.debug.xcconfig */;
			buildSettings = {
				ASSETCATALOG_COMPILER_APPICON_NAME = AppIcon;
				INFOPLIST_FILE = StarDex/Info.plist;
				LD_RUNPATH_SEARCH_PATHS = "$(inherited) @executable_path/Frameworks";
				PRODUCT_BUNDLE_IDENTIFIER = com.andyfeng.StarDex;
				PRODUCT_NAME = "$(TARGET_NAME)";
			};
			name = Debug;
		};
		93AADD7B1D5D3E5000CA786B /* Release */ = {
			isa = XCBuildConfiguration;
			baseConfigurationReference = 078B1DF4F33927CDBA42EC6D /* Pods-StarDex.release.xcconfig */;
			buildSettings = {
				ASSETCATALOG_COMPILER_APPICON_NAME = AppIcon;
				INFOPLIST_FILE = StarDex/Info.plist;
				LD_RUNPATH_SEARCH_PATHS = "$(inherited) @executable_path/Frameworks";
				PRODUCT_BUNDLE_IDENTIFIER = com.andyfeng.StarDex;
				PRODUCT_NAME = "$(TARGET_NAME)";
			};
			name = Release;
		};
/* End XCBuildConfiguration section */

/* Begin XCConfigurationList section */
		93AADD621D5D3E5000CA786B /* Build configuration list for PBXProject "StarDex" */ = {
			isa = XCConfigurationList;
			buildConfigurations = (
				93AADD771D5D3E5000CA786B /* Debug */,
				93AADD781D5D3E5000CA786B /* Release */,
			);
			defaultConfigurationIsVisible = 0;
			defaultConfigurationName = Release;
		};
		93AADD791D5D3E5000CA786B /* Build configuration list for PBXNativeTarget "StarDex" */ = {
			isa = XCConfigurationList;
			buildConfigurations = (
				93AADD7A1D5D3E5000CA786B /* Debug */,
				93AADD7B1D5D3E5000CA786B /* Release */,
			);
			defaultConfigurationIsVisible = 0;
			defaultConfigurationName = Release;
		};
/* End XCConfigurationList section */
	};
	rootObject = 93AADD5F1D5D3E5000CA786B /* Project object */;
}
