// !$*UTF8*$!
{
	archiveVersion = 1;
	classes = {
	};
	objectVersion = 46;
	objects = {

/* Begin PBXBuildFile section */
		93AADD6B1D5D3E5000CA786B /* AppDelegate.swift in Sources */ = {isa = PBXBuildFile; fileRef = 93AADD6A1D5D3E5000CA786B /* AppDelegate.swift */; };
		93AADD6D1D5D3E5000CA786B /* ViewController.swift in Sources */ = {isa = PBXBuildFile; fileRef = 93AADD6C1D5D3E5000CA786B /* ViewController.swift */; };
		93AADD701D5D3E5000CA786B /* Main.storyboard in Resources */ = {isa = PBXBuildFile; fileRef = 93AADD6E1D5D3E5000CA786B /* Main.storyboard */; };
		93AADD721D5D3E5000CA786B /* Assets.xcassets in Resources */ = {isa = PBXBuildFile; fileRef = 93AADD711D5D3E5000CA786B /* Assets.xcassets */; };
		93AADD751D5D3E5000CA786B /* LaunchScreen.storyboard in Resources */ = {isa = PBXBuildFile; fileRef = 93AADD731D5D3E5000CA786B /* LaunchScreen.storyboard */; };
/* End PBXBuildFile section */

/* Begin PBXFileReference section */
		93AADD671D5D3E5000CA786B /* StarDex.app */ = {isa = PBXFileReference; explicitFileType = wrapper.application; includeInIndex = 0; path = StarDex.app; sourceTree = BUILT_PRODUCTS_DIR; };
		93AADD6A1D5D3E5000CA786B /* AppDelegate.swift */ = {isa = PBXFileReference; lastKnownFileType = sourcecode.swift; path = AppDelegate.swift; sourceTree = "<group>"; };
		93AADD6C1D5D3E5000CA786B /* ViewController.swift */ = {isa = PBXFileReference; lastKnownFileType = sourcecode.swift; path = ViewController.swift; sourceTree = "<group>"; };
		93AADD6F1D5D3E5000CA786B /* Base */ = {isa = PBXFileReference; lastKnownFileType = file.storyboard; name = Base; path = Base.lproj/Main.storyboard; sourceTree = "<group>"; };
		93AADD711D5D3E5000CA786B /* Assets.xcassets */ = {isa = PBXFileReference; lastKnownFileType = folder.assetcatalog; path = Assets.xcassets; sourceTree = "<group>"; };
		93AADD741D5D3E5000CA786B /* Base */ = {isa = PBXFileReference; lastKnownFileType = file.storyboard; name = Base; path = Base.lproj/LaunchScreen.storyboard; sourceTree = "<group>"; };
		93AADD761D5D3E5000CA786B /* Info.plist */ = {isa = PBXFileReference; lastKnownFileType = text.plist.xml; path = Info.plist; sourceTree = "<group>"; };
/* End PBXFileReference section */

/* Begin PBXFrameworksBuildPhase section */
		93AADD641D5D3E5000CA786B /* Frameworks */ = {
			isa = PBXFrameworksBuildPhase;
			buildActionMask = 2147483647;
			files = (
			);
			runOnlyForDeploymentPostprocessing = 0;
		};
/* End PBXFrameworksBuildPhase section */

/* Begin PBXGroup section */
		93AADD5E1D5D3E5000CA786B = {
			isa = PBXGroup;
			children = (
				93AADD691D5D3E5000CA786B /* StarDex */,
				93AADD681D5D3E5000CA786B /* Products */,
			);
			sourceTree = "<group>";
		};
		93AADD681D5D3E5000CA786B /* Products */ = {
			isa = PBXGroup;
			children = (
				93AADD671D5D3E5000CA786B /* StarDex.app */,
			);
			name = Products;
			sourceTree = "<group>";
		};
		93AADD691D5D3E5000CA786B /* StarDex */ = {
			isa = PBXGroup;
			children = (
				93AADD6A1D5D3E5000CA786B /* AppDelegate.swift */,
				93AADD6C1D5D3E5000CA786B /* ViewController.swift */,
				93AADD6E1D5D3E5000CA786B /* Main.storyboard */,
				93AADD711D5D3E5000CA786B /* Assets.xcassets */,
				93AADD731D5D3E5000CA786B /* LaunchScreen.storyboard */,
				93AADD761D5D3E5000CA786B /* Info.plist */,
			);
			path = StarDex;
			sourceTree = "<group>";
		};
/* End PBXGroup section */

/* Begin PBXNativeTarget section */
		93AADD661D5D3E5000CA786B /* StarDex */ = {
			isa = PBXNativeTarget;
			buildConfigurationList = 93AADD791D5D3E5000CA786B /* Build configuration list for PBXNativeTarget "StarDex" */;
			buildPhases = (
				93AADD631D5D3E5000CA786B /* Sources */,
				93AADD641D5D3E5000CA786B /* Frameworks */,
				93AADD651D5D3E5000CA786B /* Resources */,
			);
			buildRules = (
			);
			dependencies = (
			);
			name = StarDex;
			productName = StarDex;
			productReference = 93AADD671D5D3E5000CA786B /* StarDex.app */;
			productType = "com.apple.product-type.application";
		};
/* End PBXNativeTarget section */

/* Begin PBXProject section */
		93AADD5F1D5D3E5000CA786B /* Project object */ = {
			isa = PBXProject;
			attributes = {
				LastSwiftUpdateCheck = 0730;
				LastUpgradeCheck = 0730;
				ORGANIZATIONNAME = "Andy Feng";
				TargetAttributes = {
					93AADD661D5D3E5000CA786B = {
						CreatedOnToolsVersion = 7.3.1;
						DevelopmentTeam = 32H24EKY3R;
					};
				};
			};
			buildConfigurationList = 93AADD621D5D3E5000CA786B /* Build configuration list for PBXProject "StarDex" */;
			compatibilityVersion = "Xcode 3.2";
			developmentRegion = English;
			hasScannedForEncodings = 0;
			knownRegions = (
				en,
				Base,
			);
			mainGroup = 93AADD5E1D5D3E5000CA786B;
			productRefGroup = 93AADD681D5D3E5000CA786B /* Products */;
			projectDirPath = "";
			projectRoot = "";
			targets = (
				93AADD661D5D3E5000CA786B /* StarDex */,
			);
		};
/* End PBXProject section */

/* Begin PBXResourcesBuildPhase section */
		93AADD651D5D3E5000CA786B /* Resources */ = {
			isa = PBXResourcesBuildPhase;
			buildActionMask = 2147483647;
			files = (
				93AADD751D5D3E5000CA786B /* LaunchScreen.storyboard in Resources */,
				93AADD721D5D3E5000CA786B /* Assets.xcassets in Resources */,
				93AADD701D5D3E5000CA786B /* Main.storyboard in Resources */,
			);
			runOnlyForDeploymentPostprocessing = 0;
		};
/* End PBXResourcesBuildPhase section */

/* Begin PBXSourcesBuildPhase section */
		93AADD631D5D3E5000CA786B /* Sources */ = {
			isa = PBXSourcesBuildPhase;
			buildActionMask = 2147483647;
			files = (
				93AADD6D1D5D3E5000CA786B /* ViewController.swift in Sources */,
				93AADD6B1D5D3E5000CA786B /* AppDelegate.swift in Sources */,
			);
			runOnlyForDeploymentPostprocessing = 0;
		};
/* End PBXSourcesBuildPhase section */

/* Begin PBXVariantGroup section */
		93AADD6E1D5D3E5000CA786B /* Main.storyboard */ = {
			isa = PBXVariantGroup;
			children = (
				93AADD6F1D5D3E5000CA786B /* Base */,
			);
			name = Main.storyboard;
			sourceTree = "<group>";
		};
		93AADD731D5D3E5000CA786B /* LaunchScreen.storyboard */ = {
			isa = PBXVariantGroup;
			children = (
				93AADD741D5D3E5000CA786B /* Base */,
			);
			name = LaunchScreen.storyboard;
			sourceTree = "<group>";
		};
/* End PBXVariantGroup section */

/* Begin XCBuildConfiguration section */
		93AADD771D5D3E5000CA786B /* Debug */ = {
			isa = XCBuildConfiguration;
			buildSettings = {
				ALWAYS_SEARCH_USER_PATHS = NO;
				CLANG_ANALYZER_NONNULL = YES;
				CLANG_CXX_LANGUAGE_STANDARD = "gnu++0x";
				CLANG_CXX_LIBRARY = "libc++";
				CLANG_ENABLE_MODULES = YES;
				CLANG_ENABLE_OBJC_ARC = YES;
				CLANG_WARN_BOOL_CONVERSION = YES;
				CLANG_WARN_CONSTANT_CONVERSION = YES;
				CLANG_WARN_DIRECT_OBJC_ISA_USAGE = YES_ERROR;
				CLANG_WARN_EMPTY_BODY = YES;
				CLANG_WARN_ENUM_CONVERSION = YES;
				CLANG_WARN_INT_CONVERSION = YES;
				CLANG_WARN_OBJC_ROOT_CLASS = YES_ERROR;
				CLANG_WARN_UNREACHABLE_CODE = YES;
				CLANG_WARN__DUPLICATE_METHOD_MATCH = YES;
				"CODE_SIGN_IDENTITY[sdk=iphoneos*]" = "iPhone Developer";
				COPY_PHASE_STRIP = NO;
				DEBUG_INFORMATION_FORMAT = dwarf;
				ENABLE_STRICT_OBJC_MSGSEND = YES;
				ENABLE_TESTABILITY = YES;
				GCC_C_LANGUAGE_STANDARD = gnu99;
				GCC_DYNAMIC_NO_PIC = NO;
				GCC_NO_COMMON_BLOCKS = YES;
				GCC_OPTIMIZATION_LEVEL = 0;
				GCC_PREPROCESSOR_DEFINITIONS = (
					"DEBUG=1",
					"$(inherited)",
				);
				GCC_WARN_64_TO_32_BIT_CONVERSION = YES;
				GCC_WARN_ABOUT_RETURN_TYPE = YES_ERROR;
				GCC_WARN_UNDECLARED_SELECTOR = YES;
				GCC_WARN_UNINITIALIZED_AUTOS = YES_AGGRESSIVE;
				GCC_WARN_UNUSED_FUNCTION = YES;
				GCC_WARN_UNUSED_VARIABLE = YES;
				IPHONEOS_DEPLOYMENT_TARGET = 9.3;
				MTL_ENABLE_DEBUG_INFO = YES;
				ONLY_ACTIVE_ARCH = YES;
				SDKROOT = iphoneos;
				SWIFT_OPTIMIZATION_LEVEL = "-Onone";
				TARGETED_DEVICE_FAMILY = "1,2";
			};
			name = Debug;
		};
		93AADD781D5D3E5000CA786B /* Release */ = {
			isa = XCBuildConfiguration;
			buildSettings = {
				ALWAYS_SEARCH_USER_PATHS = NO;
				CLANG_ANALYZER_NONNULL = YES;
				CLANG_CXX_LANGUAGE_STANDARD = "gnu++0x";
				CLANG_CXX_LIBRARY = "libc++";
				CLANG_ENABLE_MODULES = YES;
				CLANG_ENABLE_OBJC_ARC = YES;
				CLANG_WARN_BOOL_CONVERSION = YES;
				CLANG_WARN_CONSTANT_CONVERSION = YES;
				CLANG_WARN_DIRECT_OBJC_ISA_USAGE = YES_ERROR;
				CLANG_WARN_EMPTY_BODY = YES;
				CLANG_WARN_ENUM_CONVERSION = YES;
				CLANG_WARN_INT_CONVERSION = YES;
				CLANG_WARN_OBJC_ROOT_CLASS = YES_ERROR;
				CLANG_WARN_UNREACHABLE_CODE = YES;
				CLANG_WARN__DUPLICATE_METHOD_MATCH = YES;
				"CODE_SIGN_IDENTITY[sdk=iphoneos*]" = "iPhone Developer";
				COPY_PHASE_STRIP = NO;
				DEBUG_INFORMATION_FORMAT = "dwarf-with-dsym";
				ENABLE_NS_ASSERTIONS = NO;
				ENABLE_STRICT_OBJC_MSGSEND = YES;
				GCC_C_LANGUAGE_STANDARD = gnu99;
				GCC_NO_COMMON_BLOCKS = YES;
				GCC_WARN_64_TO_32_BIT_CONVERSION = YES;
				GCC_WARN_ABOUT_RETURN_TYPE = YES_ERROR;
				GCC_WARN_UNDECLARED_SELECTOR = YES;
				GCC_WARN_UNINITIALIZED_AUTOS = YES_AGGRESSIVE;
				GCC_WARN_UNUSED_FUNCTION = YES;
				GCC_WARN_UNUSED_VARIABLE = YES;
				IPHONEOS_DEPLOYMENT_TARGET = 9.3;
				MTL_ENABLE_DEBUG_INFO = NO;
				SDKROOT = iphoneos;
				TARGETED_DEVICE_FAMILY = "1,2";
				VALIDATE_PRODUCT = YES;
			};
			name = Release;
		};
		93AADD7A1D5D3E5000CA786B /* Debug */ = {
			isa = XCBuildConfiguration;
			buildSettings = {
				ASSETCATALOG_COMPILER_APPICON_NAME = AppIcon;
				INFOPLIST_FILE = StarDex/Info.plist;
				LD_RUNPATH_SEARCH_PATHS = "$(inherited) @executable_path/Frameworks";
				PRODUCT_BUNDLE_IDENTIFIER = com.andyfeng.StarDex;
				PRODUCT_NAME = "$(TARGET_NAME)";
			};
			name = Debug;
		};
		93AADD7B1D5D3E5000CA786B /* Release */ = {
			isa = XCBuildConfiguration;
			buildSettings = {
				ASSETCATALOG_COMPILER_APPICON_NAME = AppIcon;
				INFOPLIST_FILE = StarDex/Info.plist;
				LD_RUNPATH_SEARCH_PATHS = "$(inherited) @executable_path/Frameworks";
				PRODUCT_BUNDLE_IDENTIFIER = com.andyfeng.StarDex;
				PRODUCT_NAME = "$(TARGET_NAME)";
			};
			name = Release;
		};
/* End XCBuildConfiguration section */

/* Begin XCConfigurationList section */
		93AADD621D5D3E5000CA786B /* Build configuration list for PBXProject "StarDex" */ = {
			isa = XCConfigurationList;
			buildConfigurations = (
				93AADD771D5D3E5000CA786B /* Debug */,
				93AADD781D5D3E5000CA786B /* Release */,
			);
			defaultConfigurationIsVisible = 0;
			defaultConfigurationName = Release;
		};
		93AADD791D5D3E5000CA786B /* Build configuration list for PBXNativeTarget "StarDex" */ = {
			isa = XCConfigurationList;
			buildConfigurations = (
				93AADD7A1D5D3E5000CA786B /* Debug */,
				93AADD7B1D5D3E5000CA786B /* Release */,
			);
			defaultConfigurationIsVisible = 0;
		};
/* End XCConfigurationList section */
	};
	rootObject = 93AADD5F1D5D3E5000CA786B /* Project object */;
}
